// !$*UTF8*$!
{
	archiveVersion = 1;
	classes = {
	};
	objectVersion = 46;
	objects = {

/* Begin PBXBuildFile section */
		79B433001BDC53FD00019728 /* main.cpp in Sources */ = {isa = PBXBuildFile; fileRef = 79B432FF1BDC53FD00019728 /* main.cpp */; };
/* End PBXBuildFile section */

/* Begin PBXCopyFilesBuildPhase section */
		79B432FA1BDC53FD00019728 /* CopyFiles */ = {
			isa = PBXCopyFilesBuildPhase;
			buildActionMask = 2147483647;
			dstPath = /usr/share/man/man1/;
			dstSubfolderSpec = 0;
			files = (
			);
			runOnlyForDeploymentPostprocessing = 1;
		};
/* End PBXCopyFilesBuildPhase section */

/* Begin PBXFileReference section */
		79B432FC1BDC53FD00019728 /* LargestPalindromicProduct */ = {isa = PBXFileReference; explicitFileType = "compiled.mach-o.executable"; includeInIndex = 0; path = LargestPalindromicProduct; sourceTree = BUILT_PRODUCTS_DIR; };
		79B432FF1BDC53FD00019728 /* main.cpp */ = {isa = PBXFileReference; lastKnownFileType = sourcecode.cpp.cpp; path = main.cpp; sourceTree = "<group>"; };
/* End PBXFileReference section */

/* Begin PBXFrameworksBuildPhase section */
		79B432F91BDC53FD00019728 /* Frameworks */ = {
			isa = PBXFrameworksBuildPhase;
			buildActionMask = 2147483647;
			files = (
			);
			runOnlyForDeploymentPostprocessing = 0;
		};
/* End PBXFrameworksBuildPhase section */

/* Begin PBXGroup section */
		79B432F31BDC53FD00019728 = {
			isa = PBXGroup;
			children = (
				79B432FE1BDC53FD00019728 /* LargestPalindromicProduct */,
				79B432FD1BDC53FD00019728 /* Products */,
			);
			sourceTree = "<group>";
		};
		79B432FD1BDC53FD00019728 /* Products */ = {
			isa = PBXGroup;
			children = (
				79B432FC1BDC53FD00019728 /* LargestPalindromicProduct */,
			);
			name = Products;
			sourceTree = "<group>";
		};
		79B432FE1BDC53FD00019728 /* LargestPalindromicProduct */ = {
			isa = PBXGroup;
			children = (
				79B432FF1BDC53FD00019728 /* main.cpp */,
			);
			path = LargestPalindromicProduct;
			sourceTree = "<group>";
		};
/* End PBXGroup section */

/* Begin PBXNativeTarget section */
		79B432FB1BDC53FD00019728 /* LargestPalindromicProduct */ = {
			isa = PBXNativeTarget;
			buildConfigurationList = 79B433031BDC53FD00019728 /* Build configuration list for PBXNativeTarget "LargestPalindromicProduct" */;
			buildPhases = (
				79B432F81BDC53FD00019728 /* Sources */,
				79B432F91BDC53FD00019728 /* Frameworks */,
				79B432FA1BDC53FD00019728 /* CopyFiles */,
			);
			buildRules = (
			);
			dependencies = (
			);
			name = LargestPalindromicProduct;
			productName = LargestPalindromicProduct;
			productReference = 79B432FC1BDC53FD00019728 /* LargestPalindromicProduct */;
			productType = "com.apple.product-type.tool";
		};
/* End PBXNativeTarget section */

/* Begin PBXProject section */
		79B432F41BDC53FD00019728 /* Project object */ = {
			isa = PBXProject;
			attributes = {
				LastUpgradeCheck = 0710;
				ORGANIZATIONNAME = "Alan Pham";
				TargetAttributes = {
					79B432FB1BDC53FD00019728 = {
						CreatedOnToolsVersion = 7.1;
					};
				};
			};
			buildConfigurationList = 79B432F71BDC53FD00019728 /* Build configuration list for PBXProject "LargestPalindromicProduct" */;
			compatibilityVersion = "Xcode 3.2";
			developmentRegion = English;
			hasScannedForEncodings = 0;
			knownRegions = (
				en,
			);
			mainGroup = 79B432F31BDC53FD00019728;
			productRefGroup = 79B432FD1BDC53FD00019728 /* Products */;
			projectDirPath = "";
			projectRoot = "";
			targets = (
				79B432FB1BDC53FD00019728 /* LargestPalindromicProduct */,
			);
		};
/* End PBXProject section */

/* Begin PBXSourcesBuildPhase section */
		79B432F81BDC53FD00019728 /* Sources */ = {
			isa = PBXSourcesBuildPhase;
			buildActionMask = 2147483647;
			files = (
				79B433001BDC53FD00019728 /* main.cpp in Sources */,
			);
			runOnlyForDeploymentPostprocessing = 0;
		};
/* End PBXSourcesBuildPhase section */

/* Begin XCBuildConfiguration section */
		79B433011BDC53FD00019728 /* Debug */ = {
			isa = XCBuildConfiguration;
			buildSettings = {
				ALWAYS_SEARCH_USER_PATHS = NO;
				CLANG_CXX_LANGUAGE_STANDARD = "gnu++0x";
				CLANG_CXX_LIBRARY = "libc++";
				CLANG_ENABLE_MODULES = YES;
				CLANG_ENABLE_OBJC_ARC = YES;
				CLANG_WARN_BOOL_CONVERSION = YES;
				CLANG_WARN_CONSTANT_CONVERSION = YES;
				CLANG_WARN_DIRECT_OBJC_ISA_USAGE = YES_ERROR;
				CLANG_WARN_EMPTY_BODY = YES;
				CLANG_WARN_ENUM_CONVERSION = YES;
				CLANG_WARN_INT_CONVERSION = YES;
				CLANG_WARN_OBJC_ROOT_CLASS = YES_ERROR;
				CLANG_WARN_UNREACHABLE_CODE = YES;
				CLANG_WARN__DUPLICATE_METHOD_MATCH = YES;
				CODE_SIGN_IDENTITY = "-";
				COPY_PHASE_STRIP = NO;
				DEBUG_INFORMATION_FORMAT = dwarf;
				ENABLE_STRICT_OBJC_MSGSEND = YES;
				ENABLE_TESTABILITY = YES;
				GCC_C_LANGUAGE_STANDARD = gnu99;
				GCC_DYNAMIC_NO_PIC = NO;
				GCC_NO_COMMON_BLOCKS = YES;
				GCC_OPTIMIZATION_LEVEL = 0;
				GCC_PREPROCESSOR_DEFINITIONS = (
					"DEBUG=1",
					"$(inherited)",
				);
				GCC_WARN_64_TO_32_BIT_CONVERSION = YES;
				GCC_WARN_ABOUT_RETURN_TYPE = YES_ERROR;
				GCC_WARN_UNDECLARED_SELECTOR = YES;
				GCC_WARN_UNINITIALIZED_AUTOS = YES_AGGRESSIVE;
				GCC_WARN_UNUSED_FUNCTION = YES;
				GCC_WARN_UNUSED_VARIABLE = YES;
				MACOSX_DEPLOYMENT_TARGET = 10.11;
				MTL_ENABLE_DEBUG_INFO = YES;
				ONLY_ACTIVE_ARCH = YES;
				SDKROOT = macosx;
			};
			name = Debug;
		};
		79B433021BDC53FD00019728 /* Release */ = {
			isa = XCBuildConfiguration;
			buildSettings = {
				ALWAYS_SEARCH_USER_PATHS = NO;
				CLANG_CXX_LANGUAGE_STANDARD = "gnu++0x";
				CLANG_CXX_LIBRARY = "libc++";
				CLANG_ENABLE_MODULES = YES;
				CLANG_ENABLE_OBJC_ARC = YES;
				CLANG_WARN_BOOL_CONVERSION = YES;
				CLANG_WARN_CONSTANT_CONVERSION = YES;
				CLANG_WARN_DIRECT_OBJC_ISA_USAGE = YES_ERROR;
				CLANG_WARN_EMPTY_BODY = YES;
				CLANG_WARN_ENUM_CONVERSION = YES;
				CLANG_WARN_INT_CONVERSION = YES;
				CLANG_WARN_OBJC_ROOT_CLASS = YES_ERROR;
				CLANG_WARN_UNREACHABLE_CODE = YES;
				CLANG_WARN__DUPLICATE_METHOD_MATCH = YES;
				CODE_SIGN_IDENTITY = "-";
				COPY_PHASE_STRIP = NO;
				DEBUG_INFORMATION_FORMAT = "dwarf-with-dsym";
				ENABLE_NS_ASSERTIONS = NO;
				ENABLE_STRICT_OBJC_MSGSEND = YES;
				GCC_C_LANGUAGE_STANDARD = gnu99;
				GCC_NO_COMMON_BLOCKS = YES;
				GCC_WARN_64_TO_32_BIT_CONVERSION = YES;
				GCC_WARN_ABOUT_RETURN_TYPE = YES_ERROR;
				GCC_WARN_UNDECLARED_SELECTOR = YES;
				GCC_WARN_UNINITIALIZED_AUTOS = YES_AGGRESSIVE;
				GCC_WARN_UNUSED_FUNCTION = YES;
				GCC_WARN_UNUSED_VARIABLE = YES;
				MACOSX_DEPLOYMENT_TARGET = 10.11;
				MTL_ENABLE_DEBUG_INFO = NO;
				SDKROOT = macosx;
			};
			name = Release;
		};
		79B433041BDC53FD00019728 /* Debug */ = {
			isa = XCBuildConfiguration;
			buildSettings = {
				PRODUCT_NAME = "$(TARGET_NAME)";
			};
			name = Debug;
		};
		79B433051BDC53FD00019728 /* Release */ = {
			isa = XCBuildConfiguration;
			buildSettings = {
				PRODUCT_NAME = "$(TARGET_NAME)";
			};
			name = Release;
		};
/* End XCBuildConfiguration section */

/* Begin XCConfigurationList section */
		79B432F71BDC53FD00019728 /* Build configuration list for PBXProject "LargestPalindromicProduct" */ = {
			isa = XCConfigurationList;
			buildConfigurations = (
				79B433011BDC53FD00019728 /* Debug */,
				79B433021BDC53FD00019728 /* Release */,
			);
			defaultConfigurationIsVisible = 0;
			defaultConfigurationName = Release;
		};
		79B433031BDC53FD00019728 /* Build configuration list for PBXNativeTarget "LargestPalindromicProduct" */ = {
			isa = XCConfigurationList;
			buildConfigurations = (
				79B433041BDC53FD00019728 /* Debug */,
				79B433051BDC53FD00019728 /* Release */,
			);
			defaultConfigurationIsVisible = 0;
		};
/* End XCConfigurationList section */
	};
	rootObject = 79B432F41BDC53FD00019728 /* Project object */;
}
